
Microsoft Visual Studio Solution File, Format Version 12.00
# Visual Studio Version 17
VisualStudioVersion = 17.3.32901.215
MinimumVisualStudioVersion = 10.0.40219.1
Project("{FAE04EC0-301F-11D3-BF4B-00C04F79EFBC}") = "Artur_Pushkob_Assignment_11", "Artur_Pushkob_Assignment_11\Artur_Pushkob_Assignment_11.csproj", "{344EECB7-5472-4B64-AA48-74010257AAC8}"
EndProject
Global
	GlobalSection(SolutionConfigurationPlatforms) = preSolution
		Debug|Any CPU = Debug|Any CPU
		Release|Any CPU = Release|Any CPU
	EndGlobalSection
	GlobalSection(ProjectConfigurationPlatforms) = postSolution
		{344EECB7-5472-4B64-AA48-74010257AAC8}.Debug|Any CPU.ActiveCfg = Debug|Any CPU
		{344EECB7-5472-4B64-AA48-74010257AAC8}.Debug|Any CPU.Build.0 = Debug|Any CPU
		{344EECB7-5472-4B64-AA48-74010257AAC8}.Release|Any CPU.ActiveCfg = Release|Any CPU
		{344EECB7-5472-4B64-AA48-74010257AAC8}.Release|Any CPU.Build.0 = Release|Any CPU
	EndGlobalSection
	GlobalSection(SolutionProperties) = preSolution
		HideSolutionNode = FALSE
	EndGlobalSection
	GlobalSection(ExtensibilityGlobals) = postSolution
		SolutionGuid = {15CBE70A-F6FF-4C0E-A9D6-D49ECC7B2D10}
	EndGlobalSection
EndGlobal
